// !$*UTF8*$!
{
	archiveVersion = 1;
	classes = {
	};
	objectVersion = 50;
	objects = {

/* Begin PBXBuildFile section */
		3E33D8342442C85C0011EED2 /* MonthlyBalanceViewController.swift in Sources */ = {isa = PBXBuildFile; fileRef = 3E33D8322442C85C0011EED2 /* MonthlyBalanceViewController.swift */; };
		3E33D8352442C85C0011EED2 /* MonthlyBalanceViewController.xib in Resources */ = {isa = PBXBuildFile; fileRef = 3E33D8332442C85C0011EED2 /* MonthlyBalanceViewController.xib */; };
		3E33D8392442CA6F0011EED2 /* MonthsCollectionViewCell.swift in Sources */ = {isa = PBXBuildFile; fileRef = 3E33D8372442CA6F0011EED2 /* MonthsCollectionViewCell.swift */; };
		3E33D83A2442CA6F0011EED2 /* MonthsCollectionViewCell.xib in Resources */ = {isa = PBXBuildFile; fileRef = 3E33D8382442CA6F0011EED2 /* MonthsCollectionViewCell.xib */; };
		3E33D83C2442D31C0011EED2 /* CollectionView.swift in Sources */ = {isa = PBXBuildFile; fileRef = 3E33D83B2442D31C0011EED2 /* CollectionView.swift */; };
		3E33D84E244388000011EED2 /* Reachability.swift in Sources */ = {isa = PBXBuildFile; fileRef = 3E33D84D244388000011EED2 /* Reachability.swift */; };
		3E33D8512443A0050011EED2 /* AppUtility.swift in Sources */ = {isa = PBXBuildFile; fileRef = 3E33D8502443A0050011EED2 /* AppUtility.swift */; };
		3E33D8532443BDB50011EED2 /* AccountTransactionsViewControllerExtension.swift in Sources */ = {isa = PBXBuildFile; fileRef = 3E33D8522443BDB50011EED2 /* AccountTransactionsViewControllerExtension.swift */; };
		3E33D8552443BE7C0011EED2 /* MonthlyBalanceViewModelExtension.swift in Sources */ = {isa = PBXBuildFile; fileRef = 3E33D8542443BE7C0011EED2 /* MonthlyBalanceViewModelExtension.swift */; };
		3E33D85D2443C2730011EED2 /* MobileBankingAppSlowTests.swift in Sources */ = {isa = PBXBuildFile; fileRef = 3E33D85C2443C2720011EED2 /* MobileBankingAppSlowTests.swift */; };
		3E33D86B2443C6750011EED2 /* MobileBankingAppFakeTests.swift in Sources */ = {isa = PBXBuildFile; fileRef = 3E33D86A2443C6750011EED2 /* MobileBankingAppFakeTests.swift */; };
		3E33D8742443D8D20011EED2 /* DHURLSessionMock.swift in Sources */ = {isa = PBXBuildFile; fileRef = 3E33D8732443D8D20011EED2 /* DHURLSessionMock.swift */; };
		3E4002F32442283400DB710E /* TableView.swift in Sources */ = {isa = PBXBuildFile; fileRef = 3E4002F22442283400DB710E /* TableView.swift */; };
		3E4002F52442297C00DB710E /* ViewController.swift in Sources */ = {isa = PBXBuildFile; fileRef = 3E4002F42442297C00DB710E /* ViewController.swift */; };
		3E4002F7244238FC00DB710E /* Colors.swift in Sources */ = {isa = PBXBuildFile; fileRef = 3E4002F6244238FC00DB710E /* Colors.swift */; };
		3E4002FD24426F0900DB710E /* NoResultsTableViewCell.swift in Sources */ = {isa = PBXBuildFile; fileRef = 3E4002FB24426F0900DB710E /* NoResultsTableViewCell.swift */; };
		3E4002FE24426F0900DB710E /* NoResultsTableViewCell.xib in Resources */ = {isa = PBXBuildFile; fileRef = 3E4002FC24426F0900DB710E /* NoResultsTableViewCell.xib */; };
		3E40030524428AB300DB710E /* TransactionDetailViewController.swift in Sources */ = {isa = PBXBuildFile; fileRef = 3E40030324428AB300DB710E /* TransactionDetailViewController.swift */; };
		3E40030624428AB300DB710E /* TransactionDetailViewController.xib in Resources */ = {isa = PBXBuildFile; fileRef = 3E40030424428AB300DB710E /* TransactionDetailViewController.xib */; };
		3E405FC42443EDD4005F588D /* lancamentos.json in Resources */ = {isa = PBXBuildFile; fileRef = 3E405FC32443EDD3005F588D /* lancamentos.json */; };
		3E405FCC2443F522005F588D /* MobileBankingAppTests.swift in Sources */ = {isa = PBXBuildFile; fileRef = 3E405FCB2443F522005F588D /* MobileBankingAppTests.swift */; };
		3E8128DB2442993E003121D9 /* View.swift in Sources */ = {isa = PBXBuildFile; fileRef = 3E8128DA2442993E003121D9 /* View.swift */; };
		3E8128DD24429B27003121D9 /* ImageView.swift in Sources */ = {isa = PBXBuildFile; fileRef = 3E8128DC24429B27003121D9 /* ImageView.swift */; };
		3E8128E32442A50C003121D9 /* Category.swift in Sources */ = {isa = PBXBuildFile; fileRef = 3E8128E22442A50C003121D9 /* Category.swift */; };
		3EFC8A812440A6EE00028550 /* AppDelegate.swift in Sources */ = {isa = PBXBuildFile; fileRef = 3EFC8A802440A6EE00028550 /* AppDelegate.swift */; };
		3EFC8A8A2440A6F200028550 /* Assets.xcassets in Resources */ = {isa = PBXBuildFile; fileRef = 3EFC8A892440A6F200028550 /* Assets.xcassets */; };
		3EFC8A8D2440A6F200028550 /* LaunchScreen.storyboard in Resources */ = {isa = PBXBuildFile; fileRef = 3EFC8A8B2440A6F200028550 /* LaunchScreen.storyboard */; };
		3EFC8A962440A83500028550 /* AccountTransactionsViewController.swift in Sources */ = {isa = PBXBuildFile; fileRef = 3EFC8A942440A83500028550 /* AccountTransactionsViewController.swift */; };
		3EFC8A972440A83500028550 /* AccountTransactionsViewController.xib in Resources */ = {isa = PBXBuildFile; fileRef = 3EFC8A952440A83500028550 /* AccountTransactionsViewController.xib */; };
		3EFC8A9D2440B49A00028550 /* TransactionsTableViewCell.swift in Sources */ = {isa = PBXBuildFile; fileRef = 3EFC8A9B2440B49A00028550 /* TransactionsTableViewCell.swift */; };
		3EFC8A9E2440B49A00028550 /* TransactionsTableViewCell.xib in Resources */ = {isa = PBXBuildFile; fileRef = 3EFC8A9C2440B49A00028550 /* TransactionsTableViewCell.xib */; };
		3EFC8AA02440B76400028550 /* TransactionsViewModel.swift in Sources */ = {isa = PBXBuildFile; fileRef = 3EFC8A9F2440B76400028550 /* TransactionsViewModel.swift */; };
		3EFC8AA324416F6000028550 /* QueryService.swift in Sources */ = {isa = PBXBuildFile; fileRef = 3EFC8AA224416F6000028550 /* QueryService.swift */; };
		3EFC8AA6244189EC00028550 /* Transaction.swift in Sources */ = {isa = PBXBuildFile; fileRef = 3EFC8AA5244189EC00028550 /* Transaction.swift */; };
/* End PBXBuildFile section */

/* Begin PBXContainerItemProxy section */
		3E33D85F2443C2730011EED2 /* PBXContainerItemProxy */ = {
			isa = PBXContainerItemProxy;
			containerPortal = 3EFC8A752440A6EE00028550 /* Project object */;
			proxyType = 1;
			remoteGlobalIDString = 3EFC8A7C2440A6EE00028550;
			remoteInfo = MobileBankingApp;
		};
		3E33D86D2443C6750011EED2 /* PBXContainerItemProxy */ = {
			isa = PBXContainerItemProxy;
			containerPortal = 3EFC8A752440A6EE00028550 /* Project object */;
			proxyType = 1;
			remoteGlobalIDString = 3EFC8A7C2440A6EE00028550;
			remoteInfo = MobileBankingApp;
		};
		3E405FCE2443F522005F588D /* PBXContainerItemProxy */ = {
			isa = PBXContainerItemProxy;
			containerPortal = 3EFC8A752440A6EE00028550 /* Project object */;
			proxyType = 1;
			remoteGlobalIDString = 3EFC8A7C2440A6EE00028550;
			remoteInfo = MobileBankingApp;
		};
/* End PBXContainerItemProxy section */

/* Begin PBXFileReference section */
		3E33D8322442C85C0011EED2 /* MonthlyBalanceViewController.swift */ = {isa = PBXFileReference; lastKnownFileType = sourcecode.swift; path = MonthlyBalanceViewController.swift; sourceTree = "<group>"; };
		3E33D8332442C85C0011EED2 /* MonthlyBalanceViewController.xib */ = {isa = PBXFileReference; lastKnownFileType = file.xib; path = MonthlyBalanceViewController.xib; sourceTree = "<group>"; };
		3E33D8372442CA6F0011EED2 /* MonthsCollectionViewCell.swift */ = {isa = PBXFileReference; lastKnownFileType = sourcecode.swift; path = MonthsCollectionViewCell.swift; sourceTree = "<group>"; };
		3E33D8382442CA6F0011EED2 /* MonthsCollectionViewCell.xib */ = {isa = PBXFileReference; lastKnownFileType = file.xib; path = MonthsCollectionViewCell.xib; sourceTree = "<group>"; };
		3E33D83B2442D31C0011EED2 /* CollectionView.swift */ = {isa = PBXFileReference; lastKnownFileType = sourcecode.swift; path = CollectionView.swift; sourceTree = "<group>"; };
		3E33D84D244388000011EED2 /* Reachability.swift */ = {isa = PBXFileReference; fileEncoding = 4; lastKnownFileType = sourcecode.swift; path = Reachability.swift; sourceTree = "<group>"; };
		3E33D8502443A0050011EED2 /* AppUtility.swift */ = {isa = PBXFileReference; lastKnownFileType = sourcecode.swift; path = AppUtility.swift; sourceTree = "<group>"; };
		3E33D8522443BDB50011EED2 /* AccountTransactionsViewControllerExtension.swift */ = {isa = PBXFileReference; lastKnownFileType = sourcecode.swift; path = AccountTransactionsViewControllerExtension.swift; sourceTree = "<group>"; };
		3E33D8542443BE7C0011EED2 /* MonthlyBalanceViewModelExtension.swift */ = {isa = PBXFileReference; lastKnownFileType = sourcecode.swift; path = MonthlyBalanceViewModelExtension.swift; sourceTree = "<group>"; };
		3E33D85A2443C2720011EED2 /* MobileBankingAppSlowTests.xctest */ = {isa = PBXFileReference; explicitFileType = wrapper.cfbundle; includeInIndex = 0; path = MobileBankingAppSlowTests.xctest; sourceTree = BUILT_PRODUCTS_DIR; };
		3E33D85C2443C2720011EED2 /* MobileBankingAppSlowTests.swift */ = {isa = PBXFileReference; lastKnownFileType = sourcecode.swift; path = MobileBankingAppSlowTests.swift; sourceTree = "<group>"; };
		3E33D85E2443C2730011EED2 /* Info.plist */ = {isa = PBXFileReference; lastKnownFileType = text.plist.xml; path = Info.plist; sourceTree = "<group>"; };
		3E33D8682443C6750011EED2 /* MobileBankingAppFakeTests.xctest */ = {isa = PBXFileReference; explicitFileType = wrapper.cfbundle; includeInIndex = 0; path = MobileBankingAppFakeTests.xctest; sourceTree = BUILT_PRODUCTS_DIR; };
		3E33D86A2443C6750011EED2 /* MobileBankingAppFakeTests.swift */ = {isa = PBXFileReference; lastKnownFileType = sourcecode.swift; path = MobileBankingAppFakeTests.swift; sourceTree = "<group>"; };
		3E33D86C2443C6750011EED2 /* Info.plist */ = {isa = PBXFileReference; lastKnownFileType = text.plist.xml; path = Info.plist; sourceTree = "<group>"; };
		3E33D8732443D8D20011EED2 /* DHURLSessionMock.swift */ = {isa = PBXFileReference; fileEncoding = 4; lastKnownFileType = sourcecode.swift; path = DHURLSessionMock.swift; sourceTree = "<group>"; };
		3E4002F22442283400DB710E /* TableView.swift */ = {isa = PBXFileReference; lastKnownFileType = sourcecode.swift; path = TableView.swift; sourceTree = "<group>"; };
		3E4002F42442297C00DB710E /* ViewController.swift */ = {isa = PBXFileReference; lastKnownFileType = sourcecode.swift; path = ViewController.swift; sourceTree = "<group>"; };
		3E4002F6244238FC00DB710E /* Colors.swift */ = {isa = PBXFileReference; lastKnownFileType = sourcecode.swift; path = Colors.swift; sourceTree = "<group>"; };
		3E4002FB24426F0900DB710E /* NoResultsTableViewCell.swift */ = {isa = PBXFileReference; lastKnownFileType = sourcecode.swift; path = NoResultsTableViewCell.swift; sourceTree = "<group>"; };
		3E4002FC24426F0900DB710E /* NoResultsTableViewCell.xib */ = {isa = PBXFileReference; lastKnownFileType = file.xib; path = NoResultsTableViewCell.xib; sourceTree = "<group>"; };
		3E40030324428AB300DB710E /* TransactionDetailViewController.swift */ = {isa = PBXFileReference; lastKnownFileType = sourcecode.swift; name = TransactionDetailViewController.swift; path = ../../../../../../../TransactionDetailViewController.swift; sourceTree = "<group>"; };
		3E40030424428AB300DB710E /* TransactionDetailViewController.xib */ = {isa = PBXFileReference; lastKnownFileType = file.xib; name = TransactionDetailViewController.xib; path = ../../../../../../../TransactionDetailViewController.xib; sourceTree = "<group>"; };
		3E405FC32443EDD3005F588D /* lancamentos.json */ = {isa = PBXFileReference; fileEncoding = 4; lastKnownFileType = text.json; path = lancamentos.json; sourceTree = "<group>"; };
		3E405FC92443F522005F588D /* MobileBankingAppTests.xctest */ = {isa = PBXFileReference; explicitFileType = wrapper.cfbundle; includeInIndex = 0; path = MobileBankingAppTests.xctest; sourceTree = BUILT_PRODUCTS_DIR; };
		3E405FCB2443F522005F588D /* MobileBankingAppTests.swift */ = {isa = PBXFileReference; lastKnownFileType = sourcecode.swift; path = MobileBankingAppTests.swift; sourceTree = "<group>"; };
		3E405FCD2443F522005F588D /* Info.plist */ = {isa = PBXFileReference; lastKnownFileType = text.plist.xml; path = Info.plist; sourceTree = "<group>"; };
		3E8128DA2442993E003121D9 /* View.swift */ = {isa = PBXFileReference; lastKnownFileType = sourcecode.swift; path = View.swift; sourceTree = "<group>"; };
		3E8128DC24429B27003121D9 /* ImageView.swift */ = {isa = PBXFileReference; lastKnownFileType = sourcecode.swift; path = ImageView.swift; sourceTree = "<group>"; };
		3E8128E22442A50C003121D9 /* Category.swift */ = {isa = PBXFileReference; lastKnownFileType = sourcecode.swift; path = Category.swift; sourceTree = "<group>"; };
		3EFC8A7D2440A6EE00028550 /* MobileBankingApp.app */ = {isa = PBXFileReference; explicitFileType = wrapper.application; includeInIndex = 0; path = MobileBankingApp.app; sourceTree = BUILT_PRODUCTS_DIR; };
		3EFC8A802440A6EE00028550 /* AppDelegate.swift */ = {isa = PBXFileReference; lastKnownFileType = sourcecode.swift; path = AppDelegate.swift; sourceTree = "<group>"; };
		3EFC8A892440A6F200028550 /* Assets.xcassets */ = {isa = PBXFileReference; lastKnownFileType = folder.assetcatalog; path = Assets.xcassets; sourceTree = "<group>"; };
		3EFC8A8C2440A6F200028550 /* Base */ = {isa = PBXFileReference; lastKnownFileType = file.storyboard; name = Base; path = Base.lproj/LaunchScreen.storyboard; sourceTree = "<group>"; };
		3EFC8A8E2440A6F200028550 /* Info.plist */ = {isa = PBXFileReference; lastKnownFileType = text.plist.xml; path = Info.plist; sourceTree = "<group>"; };
		3EFC8A942440A83500028550 /* AccountTransactionsViewController.swift */ = {isa = PBXFileReference; lastKnownFileType = sourcecode.swift; name = AccountTransactionsViewController.swift; path = ../AccountTransactionsViewController.swift; sourceTree = "<group>"; };
		3EFC8A952440A83500028550 /* AccountTransactionsViewController.xib */ = {isa = PBXFileReference; lastKnownFileType = file.xib; name = AccountTransactionsViewController.xib; path = ../AccountTransactionsViewController.xib; sourceTree = "<group>"; };
		3EFC8A9B2440B49A00028550 /* TransactionsTableViewCell.swift */ = {isa = PBXFileReference; lastKnownFileType = sourcecode.swift; path = TransactionsTableViewCell.swift; sourceTree = "<group>"; };
		3EFC8A9C2440B49A00028550 /* TransactionsTableViewCell.xib */ = {isa = PBXFileReference; lastKnownFileType = file.xib; path = TransactionsTableViewCell.xib; sourceTree = "<group>"; };
		3EFC8A9F2440B76400028550 /* TransactionsViewModel.swift */ = {isa = PBXFileReference; lastKnownFileType = sourcecode.swift; path = TransactionsViewModel.swift; sourceTree = "<group>"; };
		3EFC8AA224416F6000028550 /* QueryService.swift */ = {isa = PBXFileReference; lastKnownFileType = sourcecode.swift; path = QueryService.swift; sourceTree = "<group>"; };
		3EFC8AA5244189EC00028550 /* Transaction.swift */ = {isa = PBXFileReference; lastKnownFileType = sourcecode.swift; path = Transaction.swift; sourceTree = "<group>"; };
/* End PBXFileReference section */

/* Begin PBXFrameworksBuildPhase section */
		3E33D8572443C2720011EED2 /* Frameworks */ = {
			isa = PBXFrameworksBuildPhase;
			buildActionMask = 2147483647;
			files = (
			);
			runOnlyForDeploymentPostprocessing = 0;
		};
		3E33D8652443C6750011EED2 /* Frameworks */ = {
			isa = PBXFrameworksBuildPhase;
			buildActionMask = 2147483647;
			files = (
			);
			runOnlyForDeploymentPostprocessing = 0;
		};
		3E405FC62443F522005F588D /* Frameworks */ = {
			isa = PBXFrameworksBuildPhase;
			buildActionMask = 2147483647;
			files = (
			);
			runOnlyForDeploymentPostprocessing = 0;
		};
		3EFC8A7A2440A6EE00028550 /* Frameworks */ = {
			isa = PBXFrameworksBuildPhase;
			buildActionMask = 2147483647;
			files = (
			);
			runOnlyForDeploymentPostprocessing = 0;
		};
/* End PBXFrameworksBuildPhase section */

/* Begin PBXGroup section */
		3E33D8312442C7C50011EED2 /* AccontTransactionsMonthlyBalance */ = {
			isa = PBXGroup;
			children = (
				3E33D8362442CA550011EED2 /* Cell */,
				3E33D8322442C85C0011EED2 /* MonthlyBalanceViewController.swift */,
				3E33D8332442C85C0011EED2 /* MonthlyBalanceViewController.xib */,
				3E33D8542443BE7C0011EED2 /* MonthlyBalanceViewModelExtension.swift */,
			);
			path = AccontTransactionsMonthlyBalance;
			sourceTree = "<group>";
		};
		3E33D8362442CA550011EED2 /* Cell */ = {
			isa = PBXGroup;
			children = (
				3E33D8372442CA6F0011EED2 /* MonthsCollectionViewCell.swift */,
				3E33D8382442CA6F0011EED2 /* MonthsCollectionViewCell.xib */,
			);
			path = Cell;
			sourceTree = "<group>";
		};
		3E33D84F24439FF80011EED2 /* AppUtility */ = {
			isa = PBXGroup;
			children = (
				3E33D8502443A0050011EED2 /* AppUtility.swift */,
			);
			path = AppUtility;
			sourceTree = "<group>";
		};
		3E33D85B2443C2720011EED2 /* MobileBankingAppSlowTests */ = {
			isa = PBXGroup;
			children = (
				3E33D85C2443C2720011EED2 /* MobileBankingAppSlowTests.swift */,
				3E33D85E2443C2730011EED2 /* Info.plist */,
			);
			path = MobileBankingAppSlowTests;
			sourceTree = "<group>";
		};
		3E33D8692443C6750011EED2 /* MobileBankingAppFakeTests */ = {
			isa = PBXGroup;
			children = (
				3E405FC32443EDD3005F588D /* lancamentos.json */,
				3E33D86A2443C6750011EED2 /* MobileBankingAppFakeTests.swift */,
				3E33D86C2443C6750011EED2 /* Info.plist */,
			);
			path = MobileBankingAppFakeTests;
			sourceTree = "<group>";
		};
		3E33D8722443D8D20011EED2 /* Supporting Files */ = {
			isa = PBXGroup;
			children = (
				3E33D8732443D8D20011EED2 /* DHURLSessionMock.swift */,
			);
			path = "Supporting Files";
			sourceTree = "<group>";
		};
		3E4002F12442281C00DB710E /* Extensions */ = {
			isa = PBXGroup;
			children = (
				3E4002F22442283400DB710E /* TableView.swift */,
				3E4002F42442297C00DB710E /* ViewController.swift */,
				3E4002F6244238FC00DB710E /* Colors.swift */,
				3E8128DA2442993E003121D9 /* View.swift */,
				3E8128DC24429B27003121D9 /* ImageView.swift */,
				3E33D83B2442D31C0011EED2 /* CollectionView.swift */,
			);
			path = Extensions;
			sourceTree = "<group>";
		};
		3E40030124428A8700DB710E /* AccountTransactionsList */ = {
			isa = PBXGroup;
			children = (
				3EFC8A9A2440B47D00028550 /* Cell */,
				3E33D8522443BDB50011EED2 /* AccountTransactionsViewControllerExtension.swift */,
				3EFC8A942440A83500028550 /* AccountTransactionsViewController.swift */,
				3EFC8A952440A83500028550 /* AccountTransactionsViewController.xib */,
			);
			path = AccountTransactionsList;
			sourceTree = "<group>";
		};
		3E40030224428A9F00DB710E /* AccontTransactionsDetail */ = {
			isa = PBXGroup;
			children = (
				3E40030324428AB300DB710E /* TransactionDetailViewController.swift */,
				3E40030424428AB300DB710E /* TransactionDetailViewController.xib */,
			);
			path = AccontTransactionsDetail;
			sourceTree = "<group>";
		};
		3E405FCA2443F522005F588D /* MobileBankingAppTests */ = {
			isa = PBXGroup;
			children = (
				3E405FCB2443F522005F588D /* MobileBankingAppTests.swift */,
				3E405FCD2443F522005F588D /* Info.plist */,
			);
			path = MobileBankingAppTests;
			sourceTree = "<group>";
		};
		3E8128D7244298CA003121D9 /* Utilities */ = {
			isa = PBXGroup;
			children = (
				3E33D84F24439FF80011EED2 /* AppUtility */,
				3E4002F12442281C00DB710E /* Extensions */,
			);
			path = Utilities;
			sourceTree = "<group>";
		};
		3EFC8A742440A6EE00028550 = {
			isa = PBXGroup;
			children = (
				3EFC8A7F2440A6EE00028550 /* MobileBankingApp */,
				3E33D85B2443C2720011EED2 /* MobileBankingAppSlowTests */,
				3E33D8692443C6750011EED2 /* MobileBankingAppFakeTests */,
				3E405FCA2443F522005F588D /* MobileBankingAppTests */,
				3EFC8A7E2440A6EE00028550 /* Products */,
			);
			sourceTree = "<group>";
		};
		3EFC8A7E2440A6EE00028550 /* Products */ = {
			isa = PBXGroup;
			children = (
				3EFC8A7D2440A6EE00028550 /* MobileBankingApp.app */,
				3E33D85A2443C2720011EED2 /* MobileBankingAppSlowTests.xctest */,
				3E33D8682443C6750011EED2 /* MobileBankingAppFakeTests.xctest */,
				3E405FC92443F522005F588D /* MobileBankingAppTests.xctest */,
			);
			name = Products;
			sourceTree = "<group>";
		};
		3EFC8A7F2440A6EE00028550 /* MobileBankingApp */ = {
			isa = PBXGroup;
			children = (
				3EFC8A802440A6EE00028550 /* AppDelegate.swift */,
				3EFC8A892440A6F200028550 /* Assets.xcassets */,
				3EFC8A8B2440A6F200028550 /* LaunchScreen.storyboard */,
				3EFC8A8E2440A6F200028550 /* Info.plist */,
				3E8128D7244298CA003121D9 /* Utilities */,
				3EFC8AA12440B78800028550 /* QueryService */,
				3EFC8A982440B45600028550 /* Views */,
			);
			path = MobileBankingApp;
			sourceTree = "<group>";
		};
		3EFC8A982440B45600028550 /* Views */ = {
			isa = PBXGroup;
			children = (
				3EFC8A992440B46300028550 /* AccountTransactions */,
			);
			path = Views;
			sourceTree = "<group>";
		};
		3EFC8A992440B46300028550 /* AccountTransactions */ = {
			isa = PBXGroup;
			children = (
				3EFC8A9F2440B76400028550 /* TransactionsViewModel.swift */,
				3E40030124428A8700DB710E /* AccountTransactionsList */,
				3E40030224428A9F00DB710E /* AccontTransactionsDetail */,
				3E33D8312442C7C50011EED2 /* AccontTransactionsMonthlyBalance */,
			);
			path = AccountTransactions;
			sourceTree = "<group>";
		};
		3EFC8A9A2440B47D00028550 /* Cell */ = {
			isa = PBXGroup;
			children = (
				3EFC8A9B2440B49A00028550 /* TransactionsTableViewCell.swift */,
				3EFC8A9C2440B49A00028550 /* TransactionsTableViewCell.xib */,
				3E4002FB24426F0900DB710E /* NoResultsTableViewCell.swift */,
				3E4002FC24426F0900DB710E /* NoResultsTableViewCell.xib */,
			);
			path = Cell;
			sourceTree = "<group>";
		};
		3EFC8AA12440B78800028550 /* QueryService */ = {
			isa = PBXGroup;
			children = (
				3E33D8722443D8D20011EED2 /* Supporting Files */,
				3EFC8AA4244189A900028550 /* Models */,
				3EFC8AA224416F6000028550 /* QueryService.swift */,
				3E33D84D244388000011EED2 /* Reachability.swift */,
			);
			path = QueryService;
			sourceTree = "<group>";
		};
		3EFC8AA4244189A900028550 /* Models */ = {
			isa = PBXGroup;
			children = (
				3EFC8AA5244189EC00028550 /* Transaction.swift */,
				3E8128E22442A50C003121D9 /* Category.swift */,
			);
			path = Models;
			sourceTree = "<group>";
		};
/* End PBXGroup section */

/* Begin PBXNativeTarget section */
		3E33D8592443C2720011EED2 /* MobileBankingAppSlowTests */ = {
			isa = PBXNativeTarget;
			buildConfigurationList = 3E33D8612443C2730011EED2 /* Build configuration list for PBXNativeTarget "MobileBankingAppSlowTests" */;
			buildPhases = (
				3E33D8562443C2720011EED2 /* Sources */,
				3E33D8572443C2720011EED2 /* Frameworks */,
				3E33D8582443C2720011EED2 /* Resources */,
			);
			buildRules = (
			);
			dependencies = (
				3E33D8602443C2730011EED2 /* PBXTargetDependency */,
			);
			name = MobileBankingAppSlowTests;
			productName = MobileBankingAppSlowTests;
			productReference = 3E33D85A2443C2720011EED2 /* MobileBankingAppSlowTests.xctest */;
			productType = "com.apple.product-type.bundle.unit-test";
		};
		3E33D8672443C6750011EED2 /* MobileBankingAppFakeTests */ = {
			isa = PBXNativeTarget;
			buildConfigurationList = 3E33D86F2443C6750011EED2 /* Build configuration list for PBXNativeTarget "MobileBankingAppFakeTests" */;
			buildPhases = (
				3E33D8642443C6750011EED2 /* Sources */,
				3E33D8652443C6750011EED2 /* Frameworks */,
				3E33D8662443C6750011EED2 /* Resources */,
			);
			buildRules = (
			);
			dependencies = (
				3E33D86E2443C6750011EED2 /* PBXTargetDependency */,
			);
			name = MobileBankingAppFakeTests;
			productName = MobileBankingAppFakeTests;
			productReference = 3E33D8682443C6750011EED2 /* MobileBankingAppFakeTests.xctest */;
			productType = "com.apple.product-type.bundle.unit-test";
		};
		3E405FC82443F522005F588D /* MobileBankingAppTests */ = {
			isa = PBXNativeTarget;
			buildConfigurationList = 3E405FD02443F522005F588D /* Build configuration list for PBXNativeTarget "MobileBankingAppTests" */;
			buildPhases = (
				3E405FC52443F522005F588D /* Sources */,
				3E405FC62443F522005F588D /* Frameworks */,
				3E405FC72443F522005F588D /* Resources */,
			);
			buildRules = (
			);
			dependencies = (
				3E405FCF2443F522005F588D /* PBXTargetDependency */,
			);
			name = MobileBankingAppTests;
			productName = MobileBankingAppTests;
			productReference = 3E405FC92443F522005F588D /* MobileBankingAppTests.xctest */;
			productType = "com.apple.product-type.bundle.unit-test";
		};
		3EFC8A7C2440A6EE00028550 /* MobileBankingApp */ = {
			isa = PBXNativeTarget;
			buildConfigurationList = 3EFC8A912440A6F200028550 /* Build configuration list for PBXNativeTarget "MobileBankingApp" */;
			buildPhases = (
				3EFC8A792440A6EE00028550 /* Sources */,
				3EFC8A7A2440A6EE00028550 /* Frameworks */,
				3EFC8A7B2440A6EE00028550 /* Resources */,
			);
			buildRules = (
			);
			dependencies = (
			);
			name = MobileBankingApp;
			productName = MobileBankingApp;
			productReference = 3EFC8A7D2440A6EE00028550 /* MobileBankingApp.app */;
			productType = "com.apple.product-type.application";
		};
/* End PBXNativeTarget section */

/* Begin PBXProject section */
		3EFC8A752440A6EE00028550 /* Project object */ = {
			isa = PBXProject;
			attributes = {
				LastSwiftUpdateCheck = 1130;
				LastUpgradeCheck = 1130;
				ORGANIZATIONNAME = "Litali Calheiros";
				TargetAttributes = {
					3E33D8592443C2720011EED2 = {
						CreatedOnToolsVersion = 11.3.1;
						TestTargetID = 3EFC8A7C2440A6EE00028550;
					};
					3E33D8672443C6750011EED2 = {
						CreatedOnToolsVersion = 11.3.1;
						TestTargetID = 3EFC8A7C2440A6EE00028550;
					};
					3E405FC82443F522005F588D = {
						CreatedOnToolsVersion = 11.3.1;
						TestTargetID = 3EFC8A7C2440A6EE00028550;
					};
					3EFC8A7C2440A6EE00028550 = {
						CreatedOnToolsVersion = 11.3.1;
					};
				};
			};
			buildConfigurationList = 3EFC8A782440A6EE00028550 /* Build configuration list for PBXProject "MobileBankingApp" */;
			compatibilityVersion = "Xcode 9.3";
			developmentRegion = en;
			hasScannedForEncodings = 0;
			knownRegions = (
				en,
				Base,
			);
			mainGroup = 3EFC8A742440A6EE00028550;
			productRefGroup = 3EFC8A7E2440A6EE00028550 /* Products */;
			projectDirPath = "";
			projectRoot = "";
			targets = (
				3EFC8A7C2440A6EE00028550 /* MobileBankingApp */,
				3E33D8592443C2720011EED2 /* MobileBankingAppSlowTests */,
				3E33D8672443C6750011EED2 /* MobileBankingAppFakeTests */,
				3E405FC82443F522005F588D /* MobileBankingAppTests */,
			);
		};
/* End PBXProject section */

/* Begin PBXResourcesBuildPhase section */
		3E33D8582443C2720011EED2 /* Resources */ = {
			isa = PBXResourcesBuildPhase;
			buildActionMask = 2147483647;
			files = (
			);
			runOnlyForDeploymentPostprocessing = 0;
		};
		3E33D8662443C6750011EED2 /* Resources */ = {
			isa = PBXResourcesBuildPhase;
			buildActionMask = 2147483647;
			files = (
				3E405FC42443EDD4005F588D /* lancamentos.json in Resources */,
			);
			runOnlyForDeploymentPostprocessing = 0;
		};
		3E405FC72443F522005F588D /* Resources */ = {
			isa = PBXResourcesBuildPhase;
			buildActionMask = 2147483647;
			files = (
			);
			runOnlyForDeploymentPostprocessing = 0;
		};
		3EFC8A7B2440A6EE00028550 /* Resources */ = {
			isa = PBXResourcesBuildPhase;
			buildActionMask = 2147483647;
			files = (
				3EFC8A972440A83500028550 /* AccountTransactionsViewController.xib in Resources */,
				3E33D8352442C85C0011EED2 /* MonthlyBalanceViewController.xib in Resources */,
				3EFC8A8D2440A6F200028550 /* LaunchScreen.storyboard in Resources */,
				3E4002FE24426F0900DB710E /* NoResultsTableViewCell.xib in Resources */,
				3EFC8A9E2440B49A00028550 /* TransactionsTableViewCell.xib in Resources */,
				3E33D83A2442CA6F0011EED2 /* MonthsCollectionViewCell.xib in Resources */,
				3E40030624428AB300DB710E /* TransactionDetailViewController.xib in Resources */,
				3EFC8A8A2440A6F200028550 /* Assets.xcassets in Resources */,
			);
			runOnlyForDeploymentPostprocessing = 0;
		};
/* End PBXResourcesBuildPhase section */

/* Begin PBXSourcesBuildPhase section */
		3E33D8562443C2720011EED2 /* Sources */ = {
			isa = PBXSourcesBuildPhase;
			buildActionMask = 2147483647;
			files = (
				3E33D85D2443C2730011EED2 /* MobileBankingAppSlowTests.swift in Sources */,
			);
			runOnlyForDeploymentPostprocessing = 0;
		};
		3E33D8642443C6750011EED2 /* Sources */ = {
			isa = PBXSourcesBuildPhase;
			buildActionMask = 2147483647;
			files = (
				3E33D86B2443C6750011EED2 /* MobileBankingAppFakeTests.swift in Sources */,
			);
			runOnlyForDeploymentPostprocessing = 0;
		};
		3E405FC52443F522005F588D /* Sources */ = {
			isa = PBXSourcesBuildPhase;
			buildActionMask = 2147483647;
			files = (
				3E405FCC2443F522005F588D /* MobileBankingAppTests.swift in Sources */,
			);
			runOnlyForDeploymentPostprocessing = 0;
		};
		3EFC8A792440A6EE00028550 /* Sources */ = {
			isa = PBXSourcesBuildPhase;
			buildActionMask = 2147483647;
			files = (
				3E33D8742443D8D20011EED2 /* DHURLSessionMock.swift in Sources */,
				3E33D8342442C85C0011EED2 /* MonthlyBalanceViewController.swift in Sources */,
				3E8128DB2442993E003121D9 /* View.swift in Sources */,
				3E4002F52442297C00DB710E /* ViewController.swift in Sources */,
				3E4002FD24426F0900DB710E /* NoResultsTableViewCell.swift in Sources */,
				3E4002F7244238FC00DB710E /* Colors.swift in Sources */,
				3E8128DD24429B27003121D9 /* ImageView.swift in Sources */,
				3EFC8A9D2440B49A00028550 /* TransactionsTableViewCell.swift in Sources */,
				3E33D8512443A0050011EED2 /* AppUtility.swift in Sources */,
				3EFC8A812440A6EE00028550 /* AppDelegate.swift in Sources */,
				3EFC8AA6244189EC00028550 /* Transaction.swift in Sources */,
				3E33D83C2442D31C0011EED2 /* CollectionView.swift in Sources */,
				3E33D8392442CA6F0011EED2 /* MonthsCollectionViewCell.swift in Sources */,
				3EFC8AA324416F6000028550 /* QueryService.swift in Sources */,
				3EFC8A962440A83500028550 /* AccountTransactionsViewController.swift in Sources */,
				3E8128E32442A50C003121D9 /* Category.swift in Sources */,
				3E33D84E244388000011EED2 /* Reachability.swift in Sources */,
				3EFC8AA02440B76400028550 /* TransactionsViewModel.swift in Sources */,
				3E33D8532443BDB50011EED2 /* AccountTransactionsViewControllerExtension.swift in Sources */,
				3E4002F32442283400DB710E /* TableView.swift in Sources */,
				3E33D8552443BE7C0011EED2 /* MonthlyBalanceViewModelExtension.swift in Sources */,
				3E40030524428AB300DB710E /* TransactionDetailViewController.swift in Sources */,
			);
			runOnlyForDeploymentPostprocessing = 0;
		};
/* End PBXSourcesBuildPhase section */

/* Begin PBXTargetDependency section */
		3E33D8602443C2730011EED2 /* PBXTargetDependency */ = {
			isa = PBXTargetDependency;
			target = 3EFC8A7C2440A6EE00028550 /* MobileBankingApp */;
			targetProxy = 3E33D85F2443C2730011EED2 /* PBXContainerItemProxy */;
		};
		3E33D86E2443C6750011EED2 /* PBXTargetDependency */ = {
			isa = PBXTargetDependency;
			target = 3EFC8A7C2440A6EE00028550 /* MobileBankingApp */;
			targetProxy = 3E33D86D2443C6750011EED2 /* PBXContainerItemProxy */;
		};
		3E405FCF2443F522005F588D /* PBXTargetDependency */ = {
			isa = PBXTargetDependency;
			target = 3EFC8A7C2440A6EE00028550 /* MobileBankingApp */;
			targetProxy = 3E405FCE2443F522005F588D /* PBXContainerItemProxy */;
		};
/* End PBXTargetDependency section */

/* Begin PBXVariantGroup section */
		3EFC8A8B2440A6F200028550 /* LaunchScreen.storyboard */ = {
			isa = PBXVariantGroup;
			children = (
				3EFC8A8C2440A6F200028550 /* Base */,
			);
			name = LaunchScreen.storyboard;
			sourceTree = "<group>";
		};
/* End PBXVariantGroup section */

/* Begin XCBuildConfiguration section */
		3E33D8622443C2730011EED2 /* Debug */ = {
			isa = XCBuildConfiguration;
			buildSettings = {
				BUNDLE_LOADER = "$(TEST_HOST)";
				CODE_SIGN_STYLE = Automatic;
				DEVELOPMENT_TEAM = G2T7GJBU8C;
				INFOPLIST_FILE = MobileBankingAppSlowTests/Info.plist;
				LD_RUNPATH_SEARCH_PATHS = (
					"$(inherited)",
					"@executable_path/Frameworks",
					"@loader_path/Frameworks",
				);
				PRODUCT_BUNDLE_IDENTIFIER = com.litali.MobileBankingAppSlowTests;
				PRODUCT_NAME = "$(TARGET_NAME)";
				SWIFT_VERSION = 5.0;
				TARGETED_DEVICE_FAMILY = "1,2";
				TEST_HOST = "$(BUILT_PRODUCTS_DIR)/MobileBankingApp.app/MobileBankingApp";
			};
			name = Debug;
		};
		3E33D8632443C2730011EED2 /* Release */ = {
			isa = XCBuildConfiguration;
			buildSettings = {
				BUNDLE_LOADER = "$(TEST_HOST)";
				CODE_SIGN_STYLE = Automatic;
				DEVELOPMENT_TEAM = G2T7GJBU8C;
				INFOPLIST_FILE = MobileBankingAppSlowTests/Info.plist;
				LD_RUNPATH_SEARCH_PATHS = (
					"$(inherited)",
					"@executable_path/Frameworks",
					"@loader_path/Frameworks",
				);
				PRODUCT_BUNDLE_IDENTIFIER = com.litali.MobileBankingAppSlowTests;
				PRODUCT_NAME = "$(TARGET_NAME)";
				SWIFT_VERSION = 5.0;
				TARGETED_DEVICE_FAMILY = "1,2";
				TEST_HOST = "$(BUILT_PRODUCTS_DIR)/MobileBankingApp.app/MobileBankingApp";
			};
			name = Release;
		};
		3E33D8702443C6750011EED2 /* Debug */ = {
			isa = XCBuildConfiguration;
			buildSettings = {
				BUNDLE_LOADER = "$(TEST_HOST)";
				CODE_SIGN_STYLE = Automatic;
				DEVELOPMENT_TEAM = G2T7GJBU8C;
				INFOPLIST_FILE = MobileBankingAppFakeTests/Info.plist;
				LD_RUNPATH_SEARCH_PATHS = (
					"$(inherited)",
					"@executable_path/Frameworks",
					"@loader_path/Frameworks",
				);
				PRODUCT_BUNDLE_IDENTIFIER = com.litali.MobileBankingAppFakeTests;
				PRODUCT_NAME = "$(TARGET_NAME)";
				SWIFT_VERSION = 5.0;
				TARGETED_DEVICE_FAMILY = "1,2";
				TEST_HOST = "$(BUILT_PRODUCTS_DIR)/MobileBankingApp.app/MobileBankingApp";
			};
			name = Debug;
		};
		3E33D8712443C6750011EED2 /* Release */ = {
			isa = XCBuildConfiguration;
			buildSettings = {
				BUNDLE_LOADER = "$(TEST_HOST)";
				CODE_SIGN_STYLE = Automatic;
				DEVELOPMENT_TEAM = G2T7GJBU8C;
				INFOPLIST_FILE = MobileBankingAppFakeTests/Info.plist;
				LD_RUNPATH_SEARCH_PATHS = (
					"$(inherited)",
					"@executable_path/Frameworks",
					"@loader_path/Frameworks",
				);
				PRODUCT_BUNDLE_IDENTIFIER = com.litali.MobileBankingAppFakeTests;
				PRODUCT_NAME = "$(TARGET_NAME)";
				SWIFT_VERSION = 5.0;
				TARGETED_DEVICE_FAMILY = "1,2";
				TEST_HOST = "$(BUILT_PRODUCTS_DIR)/MobileBankingApp.app/MobileBankingApp";
			};
			name = Release;
		};
		3E405FD12443F522005F588D /* Debug */ = {
			isa = XCBuildConfiguration;
			buildSettings = {
				BUNDLE_LOADER = "$(TEST_HOST)";
				CODE_SIGN_STYLE = Automatic;
				DEVELOPMENT_TEAM = G2T7GJBU8C;
				INFOPLIST_FILE = MobileBankingAppTests/Info.plist;
				IPHONEOS_DEPLOYMENT_TARGET = 13.2;
				LD_RUNPATH_SEARCH_PATHS = (
					"$(inherited)",
					"@executable_path/Frameworks",
					"@loader_path/Frameworks",
				);
				PRODUCT_BUNDLE_IDENTIFIER = com.litali.MobileBankingAppTests;
				PRODUCT_NAME = "$(TARGET_NAME)";
				SWIFT_VERSION = 5.0;
				TARGETED_DEVICE_FAMILY = "1,2";
				TEST_HOST = "$(BUILT_PRODUCTS_DIR)/MobileBankingApp.app/MobileBankingApp";
			};
			name = Debug;
		};
		3E405FD22443F522005F588D /* Release */ = {
			isa = XCBuildConfiguration;
			buildSettings = {
				BUNDLE_LOADER = "$(TEST_HOST)";
				CODE_SIGN_STYLE = Automatic;
				DEVELOPMENT_TEAM = G2T7GJBU8C;
				INFOPLIST_FILE = MobileBankingAppTests/Info.plist;
				IPHONEOS_DEPLOYMENT_TARGET = 13.2;
				LD_RUNPATH_SEARCH_PATHS = (
					"$(inherited)",
					"@executable_path/Frameworks",
					"@loader_path/Frameworks",
				);
				PRODUCT_BUNDLE_IDENTIFIER = com.litali.MobileBankingAppTests;
				PRODUCT_NAME = "$(TARGET_NAME)";
				SWIFT_VERSION = 5.0;
				TARGETED_DEVICE_FAMILY = "1,2";
				TEST_HOST = "$(BUILT_PRODUCTS_DIR)/MobileBankingApp.app/MobileBankingApp";
			};
			name = Release;
		};
		3EFC8A8F2440A6F200028550 /* Debug */ = {
			isa = XCBuildConfiguration;
			buildSettings = {
				ALWAYS_SEARCH_USER_PATHS = NO;
				CLANG_ANALYZER_NONNULL = YES;
				CLANG_ANALYZER_NUMBER_OBJECT_CONVERSION = YES_AGGRESSIVE;
				CLANG_CXX_LANGUAGE_STANDARD = "gnu++14";
				CLANG_CXX_LIBRARY = "libc++";
				CLANG_ENABLE_MODULES = YES;
				CLANG_ENABLE_OBJC_ARC = YES;
				CLANG_ENABLE_OBJC_WEAK = YES;
				CLANG_WARN_BLOCK_CAPTURE_AUTORELEASING = YES;
				CLANG_WARN_BOOL_CONVERSION = YES;
				CLANG_WARN_COMMA = YES;
				CLANG_WARN_CONSTANT_CONVERSION = YES;
				CLANG_WARN_DEPRECATED_OBJC_IMPLEMENTATIONS = YES;
				CLANG_WARN_DIRECT_OBJC_ISA_USAGE = YES_ERROR;
				CLANG_WARN_DOCUMENTATION_COMMENTS = YES;
				CLANG_WARN_EMPTY_BODY = YES;
				CLANG_WARN_ENUM_CONVERSION = YES;
				CLANG_WARN_INFINITE_RECURSION = YES;
				CLANG_WARN_INT_CONVERSION = YES;
				CLANG_WARN_NON_LITERAL_NULL_CONVERSION = YES;
				CLANG_WARN_OBJC_IMPLICIT_RETAIN_SELF = YES;
				CLANG_WARN_OBJC_LITERAL_CONVERSION = YES;
				CLANG_WARN_OBJC_ROOT_CLASS = YES_ERROR;
				CLANG_WARN_RANGE_LOOP_ANALYSIS = YES;
				CLANG_WARN_STRICT_PROTOTYPES = YES;
				CLANG_WARN_SUSPICIOUS_MOVE = YES;
				CLANG_WARN_UNGUARDED_AVAILABILITY = YES_AGGRESSIVE;
				CLANG_WARN_UNREACHABLE_CODE = YES;
				CLANG_WARN__DUPLICATE_METHOD_MATCH = YES;
				COPY_PHASE_STRIP = NO;
				DEBUG_INFORMATION_FORMAT = dwarf;
				ENABLE_STRICT_OBJC_MSGSEND = YES;
				ENABLE_TESTABILITY = YES;
				GCC_C_LANGUAGE_STANDARD = gnu11;
				GCC_DYNAMIC_NO_PIC = NO;
				GCC_NO_COMMON_BLOCKS = YES;
				GCC_OPTIMIZATION_LEVEL = 0;
				GCC_PREPROCESSOR_DEFINITIONS = (
					"DEBUG=1",
					"$(inherited)",
				);
				GCC_WARN_64_TO_32_BIT_CONVERSION = YES;
				GCC_WARN_ABOUT_RETURN_TYPE = YES_ERROR;
				GCC_WARN_UNDECLARED_SELECTOR = YES;
				GCC_WARN_UNINITIALIZED_AUTOS = YES_AGGRESSIVE;
				GCC_WARN_UNUSED_FUNCTION = YES;
				GCC_WARN_UNUSED_VARIABLE = YES;
				IPHONEOS_DEPLOYMENT_TARGET = 12.0;
				MTL_ENABLE_DEBUG_INFO = INCLUDE_SOURCE;
				MTL_FAST_MATH = YES;
				ONLY_ACTIVE_ARCH = YES;
				SDKROOT = iphoneos;
				SWIFT_ACTIVE_COMPILATION_CONDITIONS = DEBUG;
				SWIFT_OPTIMIZATION_LEVEL = "-Onone";
			};
			name = Debug;
		};
		3EFC8A902440A6F200028550 /* Release */ = {
			isa = XCBuildConfiguration;
			buildSettings = {
				ALWAYS_SEARCH_USER_PATHS = NO;
				CLANG_ANALYZER_NONNULL = YES;
				CLANG_ANALYZER_NUMBER_OBJECT_CONVERSION = YES_AGGRESSIVE;
				CLANG_CXX_LANGUAGE_STANDARD = "gnu++14";
				CLANG_CXX_LIBRARY = "libc++";
				CLANG_ENABLE_MODULES = YES;
				CLANG_ENABLE_OBJC_ARC = YES;
				CLANG_ENABLE_OBJC_WEAK = YES;
				CLANG_WARN_BLOCK_CAPTURE_AUTORELEASING = YES;
				CLANG_WARN_BOOL_CONVERSION = YES;
				CLANG_WARN_COMMA = YES;
				CLANG_WARN_CONSTANT_CONVERSION = YES;
				CLANG_WARN_DEPRECATED_OBJC_IMPLEMENTATIONS = YES;
				CLANG_WARN_DIRECT_OBJC_ISA_USAGE = YES_ERROR;
				CLANG_WARN_DOCUMENTATION_COMMENTS = YES;
				CLANG_WARN_EMPTY_BODY = YES;
				CLANG_WARN_ENUM_CONVERSION = YES;
				CLANG_WARN_INFINITE_RECURSION = YES;
				CLANG_WARN_INT_CONVERSION = YES;
				CLANG_WARN_NON_LITERAL_NULL_CONVERSION = YES;
				CLANG_WARN_OBJC_IMPLICIT_RETAIN_SELF = YES;
				CLANG_WARN_OBJC_LITERAL_CONVERSION = YES;
				CLANG_WARN_OBJC_ROOT_CLASS = YES_ERROR;
				CLANG_WARN_RANGE_LOOP_ANALYSIS = YES;
				CLANG_WARN_STRICT_PROTOTYPES = YES;
				CLANG_WARN_SUSPICIOUS_MOVE = YES;
				CLANG_WARN_UNGUARDED_AVAILABILITY = YES_AGGRESSIVE;
				CLANG_WARN_UNREACHABLE_CODE = YES;
				CLANG_WARN__DUPLICATE_METHOD_MATCH = YES;
				COPY_PHASE_STRIP = NO;
				DEBUG_INFORMATION_FORMAT = "dwarf-with-dsym";
				ENABLE_NS_ASSERTIONS = NO;
				ENABLE_STRICT_OBJC_MSGSEND = YES;
				GCC_C_LANGUAGE_STANDARD = gnu11;
				GCC_NO_COMMON_BLOCKS = YES;
				GCC_WARN_64_TO_32_BIT_CONVERSION = YES;
				GCC_WARN_ABOUT_RETURN_TYPE = YES_ERROR;
				GCC_WARN_UNDECLARED_SELECTOR = YES;
				GCC_WARN_UNINITIALIZED_AUTOS = YES_AGGRESSIVE;
				GCC_WARN_UNUSED_FUNCTION = YES;
				GCC_WARN_UNUSED_VARIABLE = YES;
				IPHONEOS_DEPLOYMENT_TARGET = 12.0;
				MTL_ENABLE_DEBUG_INFO = NO;
				MTL_FAST_MATH = YES;
				SDKROOT = iphoneos;
				SWIFT_COMPILATION_MODE = wholemodule;
				SWIFT_OPTIMIZATION_LEVEL = "-O";
				VALIDATE_PRODUCT = YES;
			};
			name = Release;
		};
		3EFC8A922440A6F200028550 /* Debug */ = {
			isa = XCBuildConfiguration;
			buildSettings = {
				ASSETCATALOG_COMPILER_APPICON_NAME = AppIcon;
				CODE_SIGN_STYLE = Automatic;
				DEVELOPMENT_TEAM = "";
				INFOPLIST_FILE = MobileBankingApp/Info.plist;
				LD_RUNPATH_SEARCH_PATHS = (
					"$(inherited)",
					"@executable_path/Frameworks",
				);
				PRODUCT_BUNDLE_IDENTIFIER = com.litali.MobileBankingAppLevel2;
				PRODUCT_NAME = "$(TARGET_NAME)";
				SWIFT_VERSION = 5.0;
				TARGETED_DEVICE_FAMILY = "1,2";
			};
			name = Debug;
		};
		3EFC8A932440A6F200028550 /* Release */ = {
			isa = XCBuildConfiguration;
			buildSettings = {
				ASSETCATALOG_COMPILER_APPICON_NAME = AppIcon;
				CODE_SIGN_STYLE = Automatic;
				DEVELOPMENT_TEAM = G2T7GJBU8C;
				INFOPLIST_FILE = MobileBankingApp/Info.plist;
				LD_RUNPATH_SEARCH_PATHS = (
					"$(inherited)",
					"@executable_path/Frameworks",
				);
				PRODUCT_BUNDLE_IDENTIFIER = com.litali.MobileBankingAppLevel2;
				PRODUCT_NAME = "$(TARGET_NAME)";
				SWIFT_VERSION = 5.0;
				TARGETED_DEVICE_FAMILY = "1,2";
			};
			name = Release;
		};
/* End XCBuildConfiguration section */

/* Begin XCConfigurationList section */
		3E33D8612443C2730011EED2 /* Build configuration list for PBXNativeTarget "MobileBankingAppSlowTests" */ = {
			isa = XCConfigurationList;
			buildConfigurations = (
				3E33D8622443C2730011EED2 /* Debug */,
				3E33D8632443C2730011EED2 /* Release */,
			);
			defaultConfigurationIsVisible = 0;
			defaultConfigurationName = Release;
		};
		3E33D86F2443C6750011EED2 /* Build configuration list for PBXNativeTarget "MobileBankingAppFakeTests" */ = {
			isa = XCConfigurationList;
			buildConfigurations = (
				3E33D8702443C6750011EED2 /* Debug */,
				3E33D8712443C6750011EED2 /* Release */,
			);
			defaultConfigurationIsVisible = 0;
			defaultConfigurationName = Release;
		};
		3E405FD02443F522005F588D /* Build configuration list for PBXNativeTarget "MobileBankingAppTests" */ = {
			isa = XCConfigurationList;
			buildConfigurations = (
				3E405FD12443F522005F588D /* Debug */,
				3E405FD22443F522005F588D /* Release */,
			);
			defaultConfigurationIsVisible = 0;
			defaultConfigurationName = Release;
		};
		3EFC8A782440A6EE00028550 /* Build configuration list for PBXProject "MobileBankingApp" */ = {
			isa = XCConfigurationList;
			buildConfigurations = (
				3EFC8A8F2440A6F200028550 /* Debug */,
				3EFC8A902440A6F200028550 /* Release */,
			);
			defaultConfigurationIsVisible = 0;
			defaultConfigurationName = Release;
		};
		3EFC8A912440A6F200028550 /* Build configuration list for PBXNativeTarget "MobileBankingApp" */ = {
			isa = XCConfigurationList;
			buildConfigurations = (
				3EFC8A922440A6F200028550 /* Debug */,
				3EFC8A932440A6F200028550 /* Release */,
			);
			defaultConfigurationIsVisible = 0;
			defaultConfigurationName = Release;
		};
/* End XCConfigurationList section */
	};
	rootObject = 3EFC8A752440A6EE00028550 /* Project object */;
}
